
Microsoft Visual Studio Solution File, Format Version 12.00
# Visual Studio Version 17
VisualStudioVersion = 17.13.35828.75 d17.13
MinimumVisualStudioVersion = 10.0.40219.1
Project("{FAE04EC0-301F-11D3-BF4B-00C04F79EFBC}") = "VLifeCalc", "VLifeCalc\VLifeCalc.csproj", "{27DBE471-F77A-4082-A393-AC6BF778F3E5}"
EndProject
Global
	GlobalSection(SolutionConfigurationPlatforms) = preSolution
		Debug|Any CPU = Debug|Any CPU
		Release|Any CPU = Release|Any CPU
	EndGlobalSection
	GlobalSection(ProjectConfigurationPlatforms) = postSolution
		{27DBE471-F77A-4082-A393-AC6BF778F3E5}.Debug|Any CPU.ActiveCfg = Debug|Any CPU
		{27DBE471-F77A-4082-A393-AC6BF778F3E5}.Debug|Any CPU.Build.0 = Debug|Any CPU
		{27DBE471-F77A-4082-A393-AC6BF778F3E5}.Release|Any CPU.ActiveCfg = Release|Any CPU
		{27DBE471-F77A-4082-A393-AC6BF778F3E5}.Release|Any CPU.Build.0 = Release|Any CPU
	EndGlobalSection
	GlobalSection(SolutionProperties) = preSolution
		HideSolutionNode = FALSE
	EndGlobalSection
	GlobalSection(ExtensibilityGlobals) = postSolution
		SolutionGuid = {FADC9C1F-63CD-42C3-AB3A-63ED7E656E17}
	EndGlobalSection
EndGlobal
